
Microsoft Visual Studio Solution File, Format Version 12.00
# Visual Studio Version 16
VisualStudioVersion = 25.0.1706.14
MinimumVisualStudioVersion = 10.0.40219.1
Project("{FAE04EC0-301F-11D3-BF4B-00C04F79EFBC}") = "Task01", "Task01\Task01.csproj", "{6E999480-76CE-4885-B36E-A191ECA5677F}"
EndProject
Project("{FAE04EC0-301F-11D3-BF4B-00C04F79EFBC}") = "Task02", "Task02\Task02.csproj", "{288553B7-2ADD-411B-B4D8-2FD3AB50B1C5}"
EndProject
Project("{FAE04EC0-301F-11D3-BF4B-00C04F79EFBC}") = "Task03", "Task03\Task03.csproj", "{755A2D0F-E535-444E-AE77-B73CDB9DFF01}"
EndProject
Project("{FAE04EC0-301F-11D3-BF4B-00C04F79EFBC}") = "Task04", "Task04\Task04.csproj", "{29A2F501-A44C-4038-955E-B22B73BA363E}"
EndProject
Project("{FAE04EC0-301F-11D3-BF4B-00C04F79EFBC}") = "Task05", "Task05\Task05.csproj", "{9584E647-4372-4B5E-BA03-BE373406DB36}"
EndProject
Project("{FAE04EC0-301F-11D3-BF4B-00C04F79EFBC}") = "Task06", "Task06\Task06.csproj", "{9285A7F4-8293-4C87-ADF0-487CA8454C41}"
EndProject
Project("{FAE04EC0-301F-11D3-BF4B-00C04F79EFBC}") = "Task07", "Task07\Task07.csproj", "{FED876C4-4091-4E51-808F-E14E71ED2A63}"
EndProject
Project("{FAE04EC0-301F-11D3-BF4B-00C04F79EFBC}") = "Task08", "Task08\Task08.csproj", "{B0F385A8-AE6E-42B4-810B-EB7433D25A2F}"
EndProject
Project("{FAE04EC0-301F-11D3-BF4B-00C04F79EFBC}") = "Task09", "Task09\Task09.csproj", "{95C0DC09-3488-4A83-BE57-44059573D207}"
EndProject
Project("{FAE04EC0-301F-11D3-BF4B-00C04F79EFBC}") = "Task10", "Task10\Task10.csproj", "{0D89E970-A40F-4F90-B8B9-855BE80AF095}"
EndProject
Global
	GlobalSection(SolutionConfigurationPlatforms) = preSolution
		Debug|Any CPU = Debug|Any CPU
		Release|Any CPU = Release|Any CPU
	EndGlobalSection
	GlobalSection(ProjectConfigurationPlatforms) = postSolution
		{6E999480-76CE-4885-B36E-A191ECA5677F}.Debug|Any CPU.ActiveCfg = Debug|Any CPU
		{6E999480-76CE-4885-B36E-A191ECA5677F}.Debug|Any CPU.Build.0 = Debug|Any CPU
		{6E999480-76CE-4885-B36E-A191ECA5677F}.Release|Any CPU.ActiveCfg = Release|Any CPU
		{6E999480-76CE-4885-B36E-A191ECA5677F}.Release|Any CPU.Build.0 = Release|Any CPU
		{288553B7-2ADD-411B-B4D8-2FD3AB50B1C5}.Debug|Any CPU.ActiveCfg = Debug|Any CPU
		{288553B7-2ADD-411B-B4D8-2FD3AB50B1C5}.Debug|Any CPU.Build.0 = Debug|Any CPU
		{288553B7-2ADD-411B-B4D8-2FD3AB50B1C5}.Release|Any CPU.ActiveCfg = Release|Any CPU
		{288553B7-2ADD-411B-B4D8-2FD3AB50B1C5}.Release|Any CPU.Build.0 = Release|Any CPU
		{755A2D0F-E535-444E-AE77-B73CDB9DFF01}.Debug|Any CPU.ActiveCfg = Debug|Any CPU
		{755A2D0F-E535-444E-AE77-B73CDB9DFF01}.Debug|Any CPU.Build.0 = Debug|Any CPU
		{755A2D0F-E535-444E-AE77-B73CDB9DFF01}.Release|Any CPU.ActiveCfg = Release|Any CPU
		{755A2D0F-E535-444E-AE77-B73CDB9DFF01}.Release|Any CPU.Build.0 = Release|Any CPU
		{29A2F501-A44C-4038-955E-B22B73BA363E}.Debug|Any CPU.ActiveCfg = Debug|Any CPU
		{29A2F501-A44C-4038-955E-B22B73BA363E}.Debug|Any CPU.Build.0 = Debug|Any CPU
		{29A2F501-A44C-4038-955E-B22B73BA363E}.Release|Any CPU.ActiveCfg = Release|Any CPU
		{29A2F501-A44C-4038-955E-B22B73BA363E}.Release|Any CPU.Build.0 = Release|Any CPU
		{9584E647-4372-4B5E-BA03-BE373406DB36}.Debug|Any CPU.ActiveCfg = Debug|Any CPU
		{9584E647-4372-4B5E-BA03-BE373406DB36}.Debug|Any CPU.Build.0 = Debug|Any CPU
		{9584E647-4372-4B5E-BA03-BE373406DB36}.Release|Any CPU.ActiveCfg = Release|Any CPU
		{9584E647-4372-4B5E-BA03-BE373406DB36}.Release|Any CPU.Build.0 = Release|Any CPU
		{9285A7F4-8293-4C87-ADF0-487CA8454C41}.Debug|Any CPU.ActiveCfg = Debug|Any CPU
		{9285A7F4-8293-4C87-ADF0-487CA8454C41}.Debug|Any CPU.Build.0 = Debug|Any CPU
		{9285A7F4-8293-4C87-ADF0-487CA8454C41}.Release|Any CPU.ActiveCfg = Release|Any CPU
		{9285A7F4-8293-4C87-ADF0-487CA8454C41}.Release|Any CPU.Build.0 = Release|Any CPU
		{FED876C4-4091-4E51-808F-E14E71ED2A63}.Debug|Any CPU.ActiveCfg = Debug|Any CPU
		{FED876C4-4091-4E51-808F-E14E71ED2A63}.Debug|Any CPU.Build.0 = Debug|Any CPU
		{FED876C4-4091-4E51-808F-E14E71ED2A63}.Release|Any CPU.ActiveCfg = Release|Any CPU
		{FED876C4-4091-4E51-808F-E14E71ED2A63}.Release|Any CPU.Build.0 = Release|Any CPU
		{B0F385A8-AE6E-42B4-810B-EB7433D25A2F}.Debug|Any CPU.ActiveCfg = Debug|Any CPU
		{B0F385A8-AE6E-42B4-810B-EB7433D25A2F}.Debug|Any CPU.Build.0 = Debug|Any CPU
		{B0F385A8-AE6E-42B4-810B-EB7433D25A2F}.Release|Any CPU.ActiveCfg = Release|Any CPU
		{B0F385A8-AE6E-42B4-810B-EB7433D25A2F}.Release|Any CPU.Build.0 = Release|Any CPU
		{95C0DC09-3488-4A83-BE57-44059573D207}.Debug|Any CPU.ActiveCfg = Debug|Any CPU
		{95C0DC09-3488-4A83-BE57-44059573D207}.Debug|Any CPU.Build.0 = Debug|Any CPU
		{95C0DC09-3488-4A83-BE57-44059573D207}.Release|Any CPU.ActiveCfg = Release|Any CPU
		{95C0DC09-3488-4A83-BE57-44059573D207}.Release|Any CPU.Build.0 = Release|Any CPU
		{0D89E970-A40F-4F90-B8B9-855BE80AF095}.Debug|Any CPU.ActiveCfg = Debug|Any CPU
		{0D89E970-A40F-4F90-B8B9-855BE80AF095}.Debug|Any CPU.Build.0 = Debug|Any CPU
		{0D89E970-A40F-4F90-B8B9-855BE80AF095}.Release|Any CPU.ActiveCfg = Release|Any CPU
		{0D89E970-A40F-4F90-B8B9-855BE80AF095}.Release|Any CPU.Build.0 = Release|Any CPU
	EndGlobalSection
	GlobalSection(SolutionProperties) = preSolution
		HideSolutionNode = FALSE
	EndGlobalSection
	GlobalSection(ExtensibilityGlobals) = postSolution
		SolutionGuid = {2A08E423-ABF4-4D5E-960B-B71AA7830BB7}
	EndGlobalSection
	GlobalSection(MonoDevelopProperties) = preSolution
		outputpath = ../../Desktop/Практика_КПиЯП
	EndGlobalSection
EndGlobal
