
Microsoft Visual Studio Solution File, Format Version 12.00
# Visual Studio Version 16
VisualStudioVersion = 25.0.1706.14
MinimumVisualStudioVersion = 10.0.40219.1
Project("{FAE04EC0-301F-11D3-BF4B-00C04F79EFBC}") = "Task01", "Task01\Task01.csproj", "{2C487ED4-358C-4AA1-9B9E-B2A5B9EED4AB}"
EndProject
Project("{FAE04EC0-301F-11D3-BF4B-00C04F79EFBC}") = "Task02", "Task02\Task02.csproj", "{97C2FFF9-159A-444E-9961-B6ED6BDAC444}"
EndProject
Project("{FAE04EC0-301F-11D3-BF4B-00C04F79EFBC}") = "Task03", "Task03\Task03.csproj", "{CD28D7EF-228A-4ECA-8EFB-7E87D681544F}"
EndProject
Global
	GlobalSection(SolutionConfigurationPlatforms) = preSolution
		Debug|Any CPU = Debug|Any CPU
		Release|Any CPU = Release|Any CPU
	EndGlobalSection
	GlobalSection(ProjectConfigurationPlatforms) = postSolution
		{2C487ED4-358C-4AA1-9B9E-B2A5B9EED4AB}.Debug|Any CPU.ActiveCfg = Debug|Any CPU
		{2C487ED4-358C-4AA1-9B9E-B2A5B9EED4AB}.Debug|Any CPU.Build.0 = Debug|Any CPU
		{2C487ED4-358C-4AA1-9B9E-B2A5B9EED4AB}.Release|Any CPU.ActiveCfg = Release|Any CPU
		{2C487ED4-358C-4AA1-9B9E-B2A5B9EED4AB}.Release|Any CPU.Build.0 = Release|Any CPU
		{97C2FFF9-159A-444E-9961-B6ED6BDAC444}.Debug|Any CPU.ActiveCfg = Debug|Any CPU
		{97C2FFF9-159A-444E-9961-B6ED6BDAC444}.Debug|Any CPU.Build.0 = Debug|Any CPU
		{97C2FFF9-159A-444E-9961-B6ED6BDAC444}.Release|Any CPU.ActiveCfg = Release|Any CPU
		{97C2FFF9-159A-444E-9961-B6ED6BDAC444}.Release|Any CPU.Build.0 = Release|Any CPU
		{CD28D7EF-228A-4ECA-8EFB-7E87D681544F}.Debug|Any CPU.ActiveCfg = Debug|Any CPU
		{CD28D7EF-228A-4ECA-8EFB-7E87D681544F}.Debug|Any CPU.Build.0 = Debug|Any CPU
		{CD28D7EF-228A-4ECA-8EFB-7E87D681544F}.Release|Any CPU.ActiveCfg = Release|Any CPU
		{CD28D7EF-228A-4ECA-8EFB-7E87D681544F}.Release|Any CPU.Build.0 = Release|Any CPU
	EndGlobalSection
	GlobalSection(SolutionProperties) = preSolution
		HideSolutionNode = FALSE
	EndGlobalSection
	GlobalSection(ExtensibilityGlobals) = postSolution
		SolutionGuid = {F79A6A25-425A-4023-846B-D0F509C16E82}
	EndGlobalSection
EndGlobal
