<<<<<<< HEAD
﻿
Microsoft Visual Studio Solution File, Format Version 12.00
# Visual Studio Version 16
VisualStudioVersion = 25.0.1706.14
MinimumVisualStudioVersion = 10.0.40219.1
Project("{FAE04EC0-301F-11D3-BF4B-00C04F79EFBC}") = "Task01", "Task01\Task01.csproj", "{0FB1DD7C-5172-4D42-8888-072D03B7989E}"
EndProject
Project("{FAE04EC0-301F-11D3-BF4B-00C04F79EFBC}") = "Task02", "Task02\Task02.csproj", "{DB2E7289-E6D4-4004-828B-1C596A39F6AE}"
EndProject
Project("{FAE04EC0-301F-11D3-BF4B-00C04F79EFBC}") = "Task03", "Task03\Task03.csproj", "{AFC4FDAF-6FB8-4212-AA1A-B9FE25DD1453}"
EndProject
Project("{FAE04EC0-301F-11D3-BF4B-00C04F79EFBC}") = "Task04", "Task04\Task04.csproj", "{3041A52A-0C37-4196-A588-F5735D2D54DA}"
EndProject
Global
	GlobalSection(SolutionConfigurationPlatforms) = preSolution
		Debug|Any CPU = Debug|Any CPU
		Release|Any CPU = Release|Any CPU
	EndGlobalSection
	GlobalSection(ProjectConfigurationPlatforms) = postSolution
		{0FB1DD7C-5172-4D42-8888-072D03B7989E}.Debug|Any CPU.ActiveCfg = Debug|Any CPU
		{0FB1DD7C-5172-4D42-8888-072D03B7989E}.Debug|Any CPU.Build.0 = Debug|Any CPU
		{0FB1DD7C-5172-4D42-8888-072D03B7989E}.Release|Any CPU.ActiveCfg = Release|Any CPU
		{0FB1DD7C-5172-4D42-8888-072D03B7989E}.Release|Any CPU.Build.0 = Release|Any CPU
		{DB2E7289-E6D4-4004-828B-1C596A39F6AE}.Debug|Any CPU.ActiveCfg = Debug|Any CPU
		{DB2E7289-E6D4-4004-828B-1C596A39F6AE}.Debug|Any CPU.Build.0 = Debug|Any CPU
		{DB2E7289-E6D4-4004-828B-1C596A39F6AE}.Release|Any CPU.ActiveCfg = Release|Any CPU
		{DB2E7289-E6D4-4004-828B-1C596A39F6AE}.Release|Any CPU.Build.0 = Release|Any CPU
		{AFC4FDAF-6FB8-4212-AA1A-B9FE25DD1453}.Debug|Any CPU.ActiveCfg = Debug|Any CPU
		{AFC4FDAF-6FB8-4212-AA1A-B9FE25DD1453}.Debug|Any CPU.Build.0 = Debug|Any CPU
		{AFC4FDAF-6FB8-4212-AA1A-B9FE25DD1453}.Release|Any CPU.ActiveCfg = Release|Any CPU
		{AFC4FDAF-6FB8-4212-AA1A-B9FE25DD1453}.Release|Any CPU.Build.0 = Release|Any CPU
		{3041A52A-0C37-4196-A588-F5735D2D54DA}.Debug|Any CPU.ActiveCfg = Debug|Any CPU
		{3041A52A-0C37-4196-A588-F5735D2D54DA}.Debug|Any CPU.Build.0 = Debug|Any CPU
		{3041A52A-0C37-4196-A588-F5735D2D54DA}.Release|Any CPU.ActiveCfg = Release|Any CPU
		{3041A52A-0C37-4196-A588-F5735D2D54DA}.Release|Any CPU.Build.0 = Release|Any CPU
	EndGlobalSection
	GlobalSection(SolutionProperties) = preSolution
		HideSolutionNode = FALSE
	EndGlobalSection
	GlobalSection(ExtensibilityGlobals) = postSolution
		SolutionGuid = {3C409F44-A014-4DD6-8225-66B16F3FD6D8}
	EndGlobalSection
EndGlobal
=======
﻿
Microsoft Visual Studio Solution File, Format Version 12.00
# Visual Studio Version 16
VisualStudioVersion = 25.0.1706.14
MinimumVisualStudioVersion = 10.0.40219.1
Project("{FAE04EC0-301F-11D3-BF4B-00C04F79EFBC}") = "Task01", "Task01\Task01.csproj", "{0FB1DD7C-5172-4D42-8888-072D03B7989E}"
EndProject
Project("{FAE04EC0-301F-11D3-BF4B-00C04F79EFBC}") = "Task02", "Task02\Task02.csproj", "{DB2E7289-E6D4-4004-828B-1C596A39F6AE}"
EndProject
Project("{FAE04EC0-301F-11D3-BF4B-00C04F79EFBC}") = "Task03", "Task03\Task03.csproj", "{AFC4FDAF-6FB8-4212-AA1A-B9FE25DD1453}"
EndProject
Project("{FAE04EC0-301F-11D3-BF4B-00C04F79EFBC}") = "Task04", "Task04\Task04.csproj", "{3041A52A-0C37-4196-A588-F5735D2D54DA}"
EndProject
Global
	GlobalSection(SolutionConfigurationPlatforms) = preSolution
		Debug|Any CPU = Debug|Any CPU
		Release|Any CPU = Release|Any CPU
	EndGlobalSection
	GlobalSection(ProjectConfigurationPlatforms) = postSolution
		{0FB1DD7C-5172-4D42-8888-072D03B7989E}.Debug|Any CPU.ActiveCfg = Debug|Any CPU
		{0FB1DD7C-5172-4D42-8888-072D03B7989E}.Debug|Any CPU.Build.0 = Debug|Any CPU
		{0FB1DD7C-5172-4D42-8888-072D03B7989E}.Release|Any CPU.ActiveCfg = Release|Any CPU
		{0FB1DD7C-5172-4D42-8888-072D03B7989E}.Release|Any CPU.Build.0 = Release|Any CPU
		{DB2E7289-E6D4-4004-828B-1C596A39F6AE}.Debug|Any CPU.ActiveCfg = Debug|Any CPU
		{DB2E7289-E6D4-4004-828B-1C596A39F6AE}.Debug|Any CPU.Build.0 = Debug|Any CPU
		{DB2E7289-E6D4-4004-828B-1C596A39F6AE}.Release|Any CPU.ActiveCfg = Release|Any CPU
		{DB2E7289-E6D4-4004-828B-1C596A39F6AE}.Release|Any CPU.Build.0 = Release|Any CPU
		{AFC4FDAF-6FB8-4212-AA1A-B9FE25DD1453}.Debug|Any CPU.ActiveCfg = Debug|Any CPU
		{AFC4FDAF-6FB8-4212-AA1A-B9FE25DD1453}.Debug|Any CPU.Build.0 = Debug|Any CPU
		{AFC4FDAF-6FB8-4212-AA1A-B9FE25DD1453}.Release|Any CPU.ActiveCfg = Release|Any CPU
		{AFC4FDAF-6FB8-4212-AA1A-B9FE25DD1453}.Release|Any CPU.Build.0 = Release|Any CPU
		{3041A52A-0C37-4196-A588-F5735D2D54DA}.Debug|Any CPU.ActiveCfg = Debug|Any CPU
		{3041A52A-0C37-4196-A588-F5735D2D54DA}.Debug|Any CPU.Build.0 = Debug|Any CPU
		{3041A52A-0C37-4196-A588-F5735D2D54DA}.Release|Any CPU.ActiveCfg = Release|Any CPU
		{3041A52A-0C37-4196-A588-F5735D2D54DA}.Release|Any CPU.Build.0 = Release|Any CPU
	EndGlobalSection
	GlobalSection(SolutionProperties) = preSolution
		HideSolutionNode = FALSE
	EndGlobalSection
	GlobalSection(ExtensibilityGlobals) = postSolution
		SolutionGuid = {3C409F44-A014-4DD6-8225-66B16F3FD6D8}
	EndGlobalSection
EndGlobal
>>>>>>> 454a6f7f9c3385072360efaed1c8d805e38c58af
